github.com/andybalholm/brotli v1.2.1 h1:R+f5xP285VArJDRgowrfb9DqL18yVK0gKAW/F+eTWro=
github.com/andybalholm/brotli v1.2.1/go.mod h1:rzTDkvFWvIrjDXZHkuS16NPggd91W3kUSvPlQ1pLaKY=
github.com/enetx/g v1.0.224 h1:H/uonguFE4qG8YCn5bSpZX5Wh+wTSb+jgf3I2ZM25XM=
github.com/enetx/g v1.0.224/go.mod h1:lxhby3LjP8jOTGbxJ/PCd+2Zq1gYiSBbtL/llPhAg5c=
github.com/enetx/http v1.0.28 h1:IaNSSDFlAVVdHnYhNIR9wAN7GY4TWL/kkvYC3jOaueY=
github.com/enetx/http v1.0.28/go.mod h1:1f4mytfF/SfjATEJnynpwGS6aa1ALjb8DtmYgFVblY0=
github.com/enetx/http2 v1.0.26 h1:wy3lYGVwnIUY4Q+gyPPQCJ1a+BMXD1B7Unpyc/Csrxc=
github.com/enetx/http2 v1.0.26/go.mod h1:t54ex5HIS8V1+2j6cvEOv6umlrHsbUPFKQ54nYB58Nk=
github.com/enetx/http3 v1.0.7 h1:daFhveKBtv8rRallCjaHErzzSHIrq07ovoSvVkvhcMM=
github.com/enetx/http3 v1.0.7/go.mod h1:sqpVGZ9F1/wCiW6sjBUS2errKAh3SUYn6VlWE7LL6KM=
github.com/enetx/iter v0.0.0-20250912135656-f1583323588f h1:GUW+4AWfECIEJ9oAxgEAVGCpaozMCjRiUYnuR6Q0bCQ=
github.com/enetx/iter v0.0.0-20250912135656-f1583323588f/go.mod h1:oMZN8hGLUpi7QBlMEUqailocNy0NFAO/7Lu+Nwh9HMM=
github.com/enetx/surf v1.0.198 h1:TJkyEyy5M+GnLZlGKmByeXwG7K2vv7F5L+0SgwlDu7g=
github.com/enetx/surf v1.0.198/go.mod h1:BtLmZDYAny66azybFr9UdFVnwy8WRV4FTAzElsd7bvE=
github.com/klauspost/compress v1.18.5 h1:/h1gH5Ce+VWNLSWqPzOVn6XBO+vJbCNGvjoaGBFW2IE=
github.com/klauspost/compress v1.18.5/go.mod h1:cwPg85FWrGar70rWktvGQj8/hthj3wpl0PGDogxkrSQ=
github.com/quic-go/qpack v0.6.0 h1:g7W+BMYynC1LbYLSqRt8PBg5Tgwxn214ZZR34VIOjz8=
github.com/quic-go/qpack v0.6.0/go.mod h1:lUpLKChi8njB4ty2bFLX2x4gzDqXwUpaO1DP9qMDZII=
github.com/quic-go/quic-go v0.59.0 h1:OLJkp1Mlm/aS7dpKgTc6cnpynnD2Xg7C1pwL6vy/SAw=
github.com/quic-go/quic-go v0.59.0/go.mod h1:upnsH4Ju1YkqpLXC305eW3yDZ4NfnNbmQRCMWS58IKU=
github.com/refraction-networking/utls v1.8.3-0.20260301010127-aa6edf4b11af h1:er2acxbi3N1nvEq6HXHUAR1nTWEJmQfqiGR8EVT9rfs=
github.com/refraction-networking/utls v1.8.3-0.20260301010127-aa6edf4b11af/go.mod h1:jkSOEkLqn+S/jtpEHPOsVv/4V4EVnelwbMQl4vCWXAM=
github.com/wzshiming/socks5 v0.7.0 h1:euJ+U48WrvVngi+opC8vAnpZ5sK12y1C2hPvb1f48Rg=
github.com/wzshiming/socks5 v0.7.0/go.mod h1:BvCAqlzocQN5xwLjBZDBbvWlrx8sCYSSbHEOf2wZgT0=
golang.org/x/crypto v0.50.0 h1:zO47/JPrL6vsNkINmLoo/PH1gcxpls50DNogFvB5ZGI=
golang.org/x/crypto v0.50.0/go.mod h1:3muZ7vA7PBCE6xgPX7nkzzjiUq87kRItoJQM1Yo8S+Q=
golang.org/x/net v0.53.0 h1:d+qAbo5L0orcWAr0a9JweQpjXF19LMXJE8Ey7hwOdUA=
golang.org/x/net v0.53.0/go.mod h1:JvMuJH7rrdiCfbeHoo3fCQU24Lf5JJwT9W3sJFulfgs=
golang.org/x/sys v0.43.0 h1:Rlag2XtaFTxp19wS8MXlJwTvoh8ArU6ezoyFsMyCTNI=
golang.org/x/sys v0.43.0/go.mod h1:4GL1E5IUh+htKOUEOaiffhrAeqysfVGipDYzABqnCmw=
golang.org/x/text v0.36.0 h1:JfKh3XmcRPqZPKevfXVpI1wXPTqbkE5f7JA92a55Yxg=
golang.org/x/text v0.36.0/go.mod h1:NIdBknypM8iqVmPiuco0Dh6P5Jcdk8lJL0CUebqK164=
